<?xml version="1.0" encoding="utf-8"?>
<Project ToolsVersion="4.0" xmlns="http://schemas.microsoft.com/developer/msbuild/2003">
  <ItemGroup>
    <Filter Include="Source Files">
      <UniqueIdentifier>{4FC737F1-C7A5-4376-A066-2A32D752A2FF}</UniqueIdentifier>
      <Extensions>cpp;c;cc;cxx;def;odl;idl;hpj;bat;asm;asmx</Extensions>
    </Filter>
    <Filter Include="Header Files">
      <UniqueIdentifier>{93995380-89BD-4b04-88EB-625FBE52EBFB}</UniqueIdentifier>
      <Extensions>h;hpp;hxx;hm;inl;inc;xsd</Extensions>
    </Filter>
    <Filter Include="Resource Files">
      <UniqueIdentifier>{67DA6AB6-F800-4c08-8B7A-83BB121AAD01}</UniqueIdentifier>
      <Extensions>rc;ico;cur;bmp;dlg;rc2;rct;bin;rgs;gif;jpg;jpeg;jpe;resx;tiff;tif;png;wav;mfcribbon-ms</Extensions>
    </Filter>
    <Filter Include="common">
      <UniqueIdentifier>{9b6bfaa2-c9ad-497f-a556-d4aef7e11996}</UniqueIdentifier>
    </Filter>
    <Filter Include="common\include">
      <UniqueIdentifier>{0cd61c7b-5ffe-4d87-99ff-d25e621fd4f2}</UniqueIdentifier>
    </Filter>
    <Filter Include="common\src">
      <UniqueIdentifier>{bf81ecdd-8b60-4009-b9a0-b44bc503dbd2}</UniqueIdentifier>
    </Filter>
  </ItemGroup>
  <ItemGroup>
    <ClInclude Include="..\..\ETO_Common\include\dictionary.h">
      <Filter>common\include</Filter>
    </ClInclude>
    <ClInclude Include="..\..\ETO_Common\include\eto_dbs.h">
      <Filter>common\include</Filter>
    </ClInclude>
    <ClInclude Include="..\..\ETO_Common\include\eto_log.h">
      <Filter>common\include</Filter>
    </ClInclude>
    <ClInclude Include="..\..\ETO_Common\include\eto_util.h">
      <Filter>common\include</Filter>
    </ClInclude>
    <ClInclude Include="..\..\ETO_Common\include\iniparser.h">
      <Filter>common\include</Filter>
    </ClInclude>
  </ItemGroup>
  <ItemGroup>
    <ClCompile Include="..\..\ETO_Common\src\dictionary.c">
      <Filter>common\src</Filter>
    </ClCompile>
    <ClCompile Include="..\..\ETO_Common\src\eto_log.c">
      <Filter>common\src</Filter>
    </ClCompile>
    <ClCompile Include="..\..\ETO_Common\src\eto_main.c">
      <Filter>common\src</Filter>
    </ClCompile>
    <ClCompile Include="..\..\ETO_Common\src\eto_util.c">
      <Filter>common\src</Filter>
    </ClCompile>
    <ClCompile Include="..\..\ETO_Common\src\iniparser.c">
      <Filter>common\src</Filter>
    </ClCompile>
    <ClCompile Include="..\..\EasyNTOra\src\eto_dbs.c">
      <Filter>source</Filter>
    </ClCompile>
  </ItemGroup>
</Project>